// !$*UTF8*$!
{
	archiveVersion = 1;
	classes = {
	};
	objectVersion = 46;
	objects = {

/* Begin PBXBuildFile section */
		1A3C544119E0AAD000295438 /* DataModel.m in Sources */ = {isa = PBXBuildFile; fileRef = 1A3C544019E0AAD000295438 /* DataModel.m */; };
		1A3C544419E0B12500295438 /* AddViewController.m in Sources */ = {isa = PBXBuildFile; fileRef = 1A3C544319E0B12500295438 /* AddViewController.m */; };
		1A3C544719E4B59F00295438 /* IndivCDViewController.m in Sources */ = {isa = PBXBuildFile; fileRef = 1A3C544619E4B59F00295438 /* IndivCDViewController.m */; };
		1A41EA7F19F72EF200E3676C /* HappeningViewController.m in Sources */ = {isa = PBXBuildFile; fileRef = 1A41EA7E19F72EF200E3676C /* HappeningViewController.m */; };
		1A41EA8219F7355D00E3676C /* MapViewController.m in Sources */ = {isa = PBXBuildFile; fileRef = 1A41EA8119F7355D00E3676C /* MapViewController.m */; };
		1A6C97DB1A1BFABA006D5CC2 /* LogInViewController.m in Sources */ = {isa = PBXBuildFile; fileRef = 1A6C97DA1A1BFAB9006D5CC2 /* LogInViewController.m */; };
		1A6C97DE1A1BFD50006D5CC2 /* NewUserViewController.m in Sources */ = {isa = PBXBuildFile; fileRef = 1A6C97DD1A1BFD50006D5CC2 /* NewUserViewController.m */; };
		1A6C97E11A21838A006D5CC2 /* MapKit.framework in Frameworks */ = {isa = PBXBuildFile; fileRef = 1A6C97E01A21838A006D5CC2 /* MapKit.framework */; };
		1A6C97E51A218542006D5CC2 /* Annotation.m in Sources */ = {isa = PBXBuildFile; fileRef = 1A6C97E41A218542006D5CC2 /* Annotation.m */; };
		1A6CCD131A22CD1900E0869E /* SimpleTableCell.xib in Resources */ = {isa = PBXBuildFile; fileRef = 1A6CCD121A22CD1900E0869E /* SimpleTableCell.xib */; };
		1A6CCD161A22CECC00E0869E /* SimpleTableCell.m in Sources */ = {isa = PBXBuildFile; fileRef = 1A6CCD151A22CECC00E0869E /* SimpleTableCell.m */; };
		1A6CCD1E1A27C96300E0869E /* CoolButton.m in Sources */ = {isa = PBXBuildFile; fileRef = 1A6CCD1D1A27C96300E0869E /* CoolButton.m */; };
		1AAF94ED1A13EEC7009E57C7 /* EventTableViewController.m in Sources */ = {isa = PBXBuildFile; fileRef = 1AAF94EC1A13EEC7009E57C7 /* EventTableViewController.m */; };
		1AAF94F11A156914009E57C7 /* Main.storyboard in Resources */ = {isa = PBXBuildFile; fileRef = 1AAF94F01A156914009E57C7 /* Main.storyboard */; };
		1AC146AE1A2A5B5C00F3DB1E /* ActivityView.m in Sources */ = {isa = PBXBuildFile; fileRef = 1AC146AD1A2A5B5C00F3DB1E /* ActivityView.m */; };
		1AC146D51A2D169E00F3DB1E /* Unknown-3.jpeg in Resources */ = {isa = PBXBuildFile; fileRef = 1AC146D31A2D169E00F3DB1E /* Unknown-3.jpeg */; };
		1AC146D61A2D169E00F3DB1E /* Unknown-4 in Resources */ = {isa = PBXBuildFile; fileRef = 1AC146D41A2D169E00F3DB1E /* Unknown-4 */; };
		1AC146DC1A2D16CD00F3DB1E /* images-2.jpeg in Resources */ = {isa = PBXBuildFile; fileRef = 1AC146D71A2D16CD00F3DB1E /* images-2.jpeg */; };
		1AC146DD1A2D16CD00F3DB1E /* images-3.jpeg in Resources */ = {isa = PBXBuildFile; fileRef = 1AC146D81A2D16CD00F3DB1E /* images-3.jpeg */; };
		1AC146DE1A2D16CD00F3DB1E /* images-4.jpeg in Resources */ = {isa = PBXBuildFile; fileRef = 1AC146D91A2D16CD00F3DB1E /* images-4.jpeg */; };
		1AC146DF1A2D16CD00F3DB1E /* images-5.jpeg in Resources */ = {isa = PBXBuildFile; fileRef = 1AC146DA1A2D16CD00F3DB1E /* images-5.jpeg */; };
		1AC146E01A2D16CD00F3DB1E /* images-6.jpeg in Resources */ = {isa = PBXBuildFile; fileRef = 1AC146DB1A2D16CD00F3DB1E /* images-6.jpeg */; };
		1AC146E41A2D16F600F3DB1E /* Common.m in Sources */ = {isa = PBXBuildFile; fileRef = 1AC146E31A2D16F600F3DB1E /* Common.m */; };
		1AE644BD1A15700D000D0EE7 /* Bolts.framework in Frameworks */ = {isa = PBXBuildFile; fileRef = 1AE644B91A15700D000D0EE7 /* Bolts.framework */; };
		1AE644BE1A15700D000D0EE7 /* Parse.framework in Frameworks */ = {isa = PBXBuildFile; fileRef = 1AE644BA1A15700D000D0EE7 /* Parse.framework */; };
		1AE644BF1A15700D000D0EE7 /* ParseFacebookUtils.framework in Frameworks */ = {isa = PBXBuildFile; fileRef = 1AE644BB1A15700D000D0EE7 /* ParseFacebookUtils.framework */; };
		1AE644C01A15700D000D0EE7 /* ParseUI.framework in Frameworks */ = {isa = PBXBuildFile; fileRef = 1AE644BC1A15700D000D0EE7 /* ParseUI.framework */; };
		1AEFCBC51A0C45A000E5FE56 /* AudioToolbox.framework in Frameworks */ = {isa = PBXBuildFile; fileRef = 1AEFCBC41A0C45A000E5FE56 /* AudioToolbox.framework */; };
		1AEFCBC71A0C45A800E5FE56 /* CFNetwork.framework in Frameworks */ = {isa = PBXBuildFile; fileRef = 1AEFCBC61A0C45A800E5FE56 /* CFNetwork.framework */; };
		1AEFCBC91A0C45BC00E5FE56 /* CoreLocation.framework in Frameworks */ = {isa = PBXBuildFile; fileRef = 1AEFCBC81A0C45BC00E5FE56 /* CoreLocation.framework */; };
		1AEFCBCB1A0C45D900E5FE56 /* libz.dylib in Frameworks */ = {isa = PBXBuildFile; fileRef = 1AEFCBCA1A0C45D900E5FE56 /* libz.dylib */; };
		1AEFCBCD1A0C45E200E5FE56 /* MobileCoreServices.framework in Frameworks */ = {isa = PBXBuildFile; fileRef = 1AEFCBCC1A0C45E200E5FE56 /* MobileCoreServices.framework */; };
		1AEFCBCF1A0C45E900E5FE56 /* QuartzCore.framework in Frameworks */ = {isa = PBXBuildFile; fileRef = 1AEFCBCE1A0C45E900E5FE56 /* QuartzCore.framework */; };
		1AEFCBD11A0C45F200E5FE56 /* Security.framework in Frameworks */ = {isa = PBXBuildFile; fileRef = 1AEFCBD01A0C45F200E5FE56 /* Security.framework */; };
		1AEFCBD31A0C45F900E5FE56 /* StoreKit.framework in Frameworks */ = {isa = PBXBuildFile; fileRef = 1AEFCBD21A0C45F900E5FE56 /* StoreKit.framework */; };
		1AEFCBD51A0C460100E5FE56 /* SystemConfiguration.framework in Frameworks */ = {isa = PBXBuildFile; fileRef = 1AEFCBD41A0C460100E5FE56 /* SystemConfiguration.framework */; };
		3680A2D419DB31CE00B4A07F /* Foundation.framework in Frameworks */ = {isa = PBXBuildFile; fileRef = 3680A2D319DB31CE00B4A07F /* Foundation.framework */; };
		3680A2D619DB31CE00B4A07F /* CoreGraphics.framework in Frameworks */ = {isa = PBXBuildFile; fileRef = 3680A2D519DB31CE00B4A07F /* CoreGraphics.framework */; };
		3680A2D819DB31CE00B4A07F /* UIKit.framework in Frameworks */ = {isa = PBXBuildFile; fileRef = 3680A2D719DB31CE00B4A07F /* UIKit.framework */; };
		3680A2DE19DB31CE00B4A07F /* InfoPlist.strings in Resources */ = {isa = PBXBuildFile; fileRef = 3680A2DC19DB31CE00B4A07F /* InfoPlist.strings */; };
		3680A2E019DB31CE00B4A07F /* main.m in Sources */ = {isa = PBXBuildFile; fileRef = 3680A2DF19DB31CE00B4A07F /* main.m */; };
		3680A2E419DB31CE00B4A07F /* CDAppDelegate.m in Sources */ = {isa = PBXBuildFile; fileRef = 3680A2E319DB31CE00B4A07F /* CDAppDelegate.m */; };
		3680A2EA19DB31CE00B4A07F /* CDViewController.m in Sources */ = {isa = PBXBuildFile; fileRef = 3680A2E919DB31CE00B4A07F /* CDViewController.m */; };
		3680A2EC19DB31CE00B4A07F /* Images.xcassets in Resources */ = {isa = PBXBuildFile; fileRef = 3680A2EB19DB31CE00B4A07F /* Images.xcassets */; };
		3680A2F319DB31CE00B4A07F /* XCTest.framework in Frameworks */ = {isa = PBXBuildFile; fileRef = 3680A2F219DB31CE00B4A07F /* XCTest.framework */; };
		3680A2F419DB31CE00B4A07F /* Foundation.framework in Frameworks */ = {isa = PBXBuildFile; fileRef = 3680A2D319DB31CE00B4A07F /* Foundation.framework */; };
		3680A2F519DB31CE00B4A07F /* UIKit.framework in Frameworks */ = {isa = PBXBuildFile; fileRef = 3680A2D719DB31CE00B4A07F /* UIKit.framework */; };
		3680A2FD19DB31CE00B4A07F /* InfoPlist.strings in Resources */ = {isa = PBXBuildFile; fileRef = 3680A2FB19DB31CE00B4A07F /* InfoPlist.strings */; };
		3680A2FF19DB31CE00B4A07F /* TestCoreData1Tests.m in Sources */ = {isa = PBXBuildFile; fileRef = 3680A2FE19DB31CE00B4A07F /* TestCoreData1Tests.m */; };
		3680A30919DB329400B4A07F /* CoreData.framework in Frameworks */ = {isa = PBXBuildFile; fileRef = 3680A30819DB329400B4A07F /* CoreData.framework */; };
		3680A30C19DB3BCC00B4A07F /* Model.xcdatamodeld in Sources */ = {isa = PBXBuildFile; fileRef = 3680A30A19DB3BCC00B4A07F /* Model.xcdatamodeld */; };
		D04F68F719F066310059049B /* OpeningViewController.m in Sources */ = {isa = PBXBuildFile; fileRef = D04F68F619F066310059049B /* OpeningViewController.m */; };
/* End PBXBuildFile section */

/* Begin PBXContainerItemProxy section */
		3680A2F619DB31CE00B4A07F /* PBXContainerItemProxy */ = {
			isa = PBXContainerItemProxy;
			containerPortal = 3680A2C819DB31CE00B4A07F /* Project object */;
			proxyType = 1;
			remoteGlobalIDString = 3680A2CF19DB31CE00B4A07F;
			remoteInfo = TestCoreData1;
		};
/* End PBXContainerItemProxy section */

/* Begin PBXFileReference section */
		1A3C543F19E0AAD000295438 /* DataModel.h */ = {isa = PBXFileReference; fileEncoding = 4; lastKnownFileType = sourcecode.c.h; path = DataModel.h; sourceTree = "<group>"; };
		1A3C544019E0AAD000295438 /* DataModel.m */ = {isa = PBXFileReference; fileEncoding = 4; lastKnownFileType = sourcecode.c.objc; path = DataModel.m; sourceTree = "<group>"; };
		1A3C544219E0B12500295438 /* AddViewController.h */ = {isa = PBXFileReference; fileEncoding = 4; lastKnownFileType = sourcecode.c.h; path = AddViewController.h; sourceTree = "<group>"; };
		1A3C544319E0B12500295438 /* AddViewController.m */ = {isa = PBXFileReference; fileEncoding = 4; lastKnownFileType = sourcecode.c.objc; path = AddViewController.m; sourceTree = "<group>"; };
		1A3C544519E4B59F00295438 /* IndivCDViewController.h */ = {isa = PBXFileReference; fileEncoding = 4; lastKnownFileType = sourcecode.c.h; path = IndivCDViewController.h; sourceTree = "<group>"; };
		1A3C544619E4B59F00295438 /* IndivCDViewController.m */ = {isa = PBXFileReference; fileEncoding = 4; lastKnownFileType = sourcecode.c.objc; path = IndivCDViewController.m; sourceTree = "<group>"; };
		1A41EA7D19F72EF200E3676C /* HappeningViewController.h */ = {isa = PBXFileReference; fileEncoding = 4; lastKnownFileType = sourcecode.c.h; path = HappeningViewController.h; sourceTree = "<group>"; };
		1A41EA7E19F72EF200E3676C /* HappeningViewController.m */ = {isa = PBXFileReference; fileEncoding = 4; lastKnownFileType = sourcecode.c.objc; path = HappeningViewController.m; sourceTree = "<group>"; };
		1A41EA8019F7355D00E3676C /* MapViewController.h */ = {isa = PBXFileReference; fileEncoding = 4; lastKnownFileType = sourcecode.c.h; path = MapViewController.h; sourceTree = "<group>"; };
		1A41EA8119F7355D00E3676C /* MapViewController.m */ = {isa = PBXFileReference; fileEncoding = 4; lastKnownFileType = sourcecode.c.objc; path = MapViewController.m; sourceTree = "<group>"; };
		1A6C97D81A19B1B1006D5CC2 /* Model 2.xcdatamodel */ = {isa = PBXFileReference; lastKnownFileType = wrapper.xcdatamodel; path = "Model 2.xcdatamodel"; sourceTree = "<group>"; };
		1A6C97D91A1BFAB9006D5CC2 /* LogInViewController.h */ = {isa = PBXFileReference; fileEncoding = 4; lastKnownFileType = sourcecode.c.h; path = LogInViewController.h; sourceTree = "<group>"; };
		1A6C97DA1A1BFAB9006D5CC2 /* LogInViewController.m */ = {isa = PBXFileReference; fileEncoding = 4; lastKnownFileType = sourcecode.c.objc; path = LogInViewController.m; sourceTree = "<group>"; };
		1A6C97DC1A1BFD50006D5CC2 /* NewUserViewController.h */ = {isa = PBXFileReference; fileEncoding = 4; lastKnownFileType = sourcecode.c.h; path = NewUserViewController.h; sourceTree = "<group>"; };
		1A6C97DD1A1BFD50006D5CC2 /* NewUserViewController.m */ = {isa = PBXFileReference; fileEncoding = 4; lastKnownFileType = sourcecode.c.objc; path = NewUserViewController.m; sourceTree = "<group>"; };
		1A6C97E01A21838A006D5CC2 /* MapKit.framework */ = {isa = PBXFileReference; lastKnownFileType = wrapper.framework; name = MapKit.framework; path = System/Library/Frameworks/MapKit.framework; sourceTree = SDKROOT; };
		1A6C97E31A218542006D5CC2 /* Annotation.h */ = {isa = PBXFileReference; fileEncoding = 4; lastKnownFileType = sourcecode.c.h; path = Annotation.h; sourceTree = "<group>"; };
		1A6C97E41A218542006D5CC2 /* Annotation.m */ = {isa = PBXFileReference; fileEncoding = 4; lastKnownFileType = sourcecode.c.objc; path = Annotation.m; sourceTree = "<group>"; };
		1A6CCD121A22CD1900E0869E /* SimpleTableCell.xib */ = {isa = PBXFileReference; fileEncoding = 4; lastKnownFileType = file.xib; path = SimpleTableCell.xib; sourceTree = "<group>"; };
		1A6CCD141A22CECC00E0869E /* SimpleTableCell.h */ = {isa = PBXFileReference; fileEncoding = 4; lastKnownFileType = sourcecode.c.h; path = SimpleTableCell.h; sourceTree = "<group>"; };
		1A6CCD151A22CECC00E0869E /* SimpleTableCell.m */ = {isa = PBXFileReference; fileEncoding = 4; lastKnownFileType = sourcecode.c.objc; path = SimpleTableCell.m; sourceTree = "<group>"; };
		1A6CCD1C1A27C96300E0869E /* CoolButton.h */ = {isa = PBXFileReference; fileEncoding = 4; lastKnownFileType = sourcecode.c.h; path = CoolButton.h; sourceTree = "<group>"; };
		1A6CCD1D1A27C96300E0869E /* CoolButton.m */ = {isa = PBXFileReference; fileEncoding = 4; lastKnownFileType = sourcecode.c.objc; path = CoolButton.m; sourceTree = "<group>"; };
		1AAF94EB1A13EEC7009E57C7 /* EventTableViewController.h */ = {isa = PBXFileReference; fileEncoding = 4; lastKnownFileType = sourcecode.c.h; name = EventTableViewController.h; path = ../EventTableViewController.h; sourceTree = "<group>"; };
		1AAF94EC1A13EEC7009E57C7 /* EventTableViewController.m */ = {isa = PBXFileReference; fileEncoding = 4; lastKnownFileType = sourcecode.c.objc; name = EventTableViewController.m; path = ../EventTableViewController.m; sourceTree = "<group>"; };
		1AAF94F01A156914009E57C7 /* Main.storyboard */ = {isa = PBXFileReference; lastKnownFileType = file.storyboard; path = Main.storyboard; sourceTree = "<group>"; };
		1AC146AC1A2A5B5C00F3DB1E /* ActivityView.h */ = {isa = PBXFileReference; fileEncoding = 4; lastKnownFileType = sourcecode.c.h; path = ActivityView.h; sourceTree = "<group>"; };
		1AC146AD1A2A5B5C00F3DB1E /* ActivityView.m */ = {isa = PBXFileReference; fileEncoding = 4; lastKnownFileType = sourcecode.c.objc; path = ActivityView.m; sourceTree = "<group>"; };
		1AC146D21A2D115F00F3DB1E /* simpletable_image_pack */ = {isa = PBXFileReference; lastKnownFileType = file; path = simpletable_image_pack; sourceTree = "<group>"; };
		1AC146D31A2D169E00F3DB1E /* Unknown-3.jpeg */ = {isa = PBXFileReference; lastKnownFileType = image.jpeg; path = "Unknown-3.jpeg"; sourceTree = "<group>"; };
		1AC146D41A2D169E00F3DB1E /* Unknown-4 */ = {isa = PBXFileReference; lastKnownFileType = file; path = "Unknown-4"; sourceTree = "<group>"; };
		1AC146D71A2D16CD00F3DB1E /* images-2.jpeg */ = {isa = PBXFileReference; lastKnownFileType = image.jpeg; path = "images-2.jpeg"; sourceTree = "<group>"; };
		1AC146D81A2D16CD00F3DB1E /* images-3.jpeg */ = {isa = PBXFileReference; lastKnownFileType = image.jpeg; path = "images-3.jpeg"; sourceTree = "<group>"; };
		1AC146D91A2D16CD00F3DB1E /* images-4.jpeg */ = {isa = PBXFileReference; lastKnownFileType = image.jpeg; path = "images-4.jpeg"; sourceTree = "<group>"; };
		1AC146DA1A2D16CD00F3DB1E /* images-5.jpeg */ = {isa = PBXFileReference; lastKnownFileType = image.jpeg; path = "images-5.jpeg"; sourceTree = "<group>"; };
		1AC146DB1A2D16CD00F3DB1E /* images-6.jpeg */ = {isa = PBXFileReference; lastKnownFileType = image.jpeg; path = "images-6.jpeg"; sourceTree = "<group>"; };
		1AC146E21A2D16F600F3DB1E /* Common.h */ = {isa = PBXFileReference; fileEncoding = 4; lastKnownFileType = sourcecode.c.h; path = Common.h; sourceTree = "<group>"; };
		1AC146E31A2D16F600F3DB1E /* Common.m */ = {isa = PBXFileReference; fileEncoding = 4; lastKnownFileType = sourcecode.c.objc; path = Common.m; sourceTree = "<group>"; };
		1AE644B91A15700D000D0EE7 /* Bolts.framework */ = {isa = PBXFileReference; lastKnownFileType = wrapper.framework; name = Bolts.framework; path = "parse-library-1.5.0/Bolts.framework"; sourceTree = "<group>"; };
		1AE644BA1A15700D000D0EE7 /* Parse.framework */ = {isa = PBXFileReference; lastKnownFileType = wrapper.framework; name = Parse.framework; path = "parse-library-1.5.0/Parse.framework"; sourceTree = "<group>"; };
		1AE644BB1A15700D000D0EE7 /* ParseFacebookUtils.framework */ = {isa = PBXFileReference; lastKnownFileType = wrapper.framework; name = ParseFacebookUtils.framework; path = "parse-library-1.5.0/ParseFacebookUtils.framework"; sourceTree = "<group>"; };
		1AE644BC1A15700D000D0EE7 /* ParseUI.framework */ = {isa = PBXFileReference; lastKnownFileType = wrapper.framework; name = ParseUI.framework; path = "parse-library-1.5.0/ParseUI.framework"; sourceTree = "<group>"; };
		1AEFCBC41A0C45A000E5FE56 /* AudioToolbox.framework */ = {isa = PBXFileReference; lastKnownFileType = wrapper.framework; name = AudioToolbox.framework; path = System/Library/Frameworks/AudioToolbox.framework; sourceTree = SDKROOT; };
		1AEFCBC61A0C45A800E5FE56 /* CFNetwork.framework */ = {isa = PBXFileReference; lastKnownFileType = wrapper.framework; name = CFNetwork.framework; path = System/Library/Frameworks/CFNetwork.framework; sourceTree = SDKROOT; };
		1AEFCBC81A0C45BC00E5FE56 /* CoreLocation.framework */ = {isa = PBXFileReference; lastKnownFileType = wrapper.framework; name = CoreLocation.framework; path = System/Library/Frameworks/CoreLocation.framework; sourceTree = SDKROOT; };
		1AEFCBCA1A0C45D900E5FE56 /* libz.dylib */ = {isa = PBXFileReference; lastKnownFileType = "compiled.mach-o.dylib"; name = libz.dylib; path = usr/lib/libz.dylib; sourceTree = SDKROOT; };
		1AEFCBCC1A0C45E200E5FE56 /* MobileCoreServices.framework */ = {isa = PBXFileReference; lastKnownFileType = wrapper.framework; name = MobileCoreServices.framework; path = System/Library/Frameworks/MobileCoreServices.framework; sourceTree = SDKROOT; };
		1AEFCBCE1A0C45E900E5FE56 /* QuartzCore.framework */ = {isa = PBXFileReference; lastKnownFileType = wrapper.framework; name = QuartzCore.framework; path = System/Library/Frameworks/QuartzCore.framework; sourceTree = SDKROOT; };
		1AEFCBD01A0C45F200E5FE56 /* Security.framework */ = {isa = PBXFileReference; lastKnownFileType = wrapper.framework; name = Security.framework; path = System/Library/Frameworks/Security.framework; sourceTree = SDKROOT; };
		1AEFCBD21A0C45F900E5FE56 /* StoreKit.framework */ = {isa = PBXFileReference; lastKnownFileType = wrapper.framework; name = StoreKit.framework; path = System/Library/Frameworks/StoreKit.framework; sourceTree = SDKROOT; };
		1AEFCBD41A0C460100E5FE56 /* SystemConfiguration.framework */ = {isa = PBXFileReference; lastKnownFileType = wrapper.framework; name = SystemConfiguration.framework; path = System/Library/Frameworks/SystemConfiguration.framework; sourceTree = SDKROOT; };
		3680A2D019DB31CE00B4A07F /* FreeFoodFinder.app */ = {isa = PBXFileReference; explicitFileType = wrapper.application; includeInIndex = 0; path = FreeFoodFinder.app; sourceTree = BUILT_PRODUCTS_DIR; };
		3680A2D319DB31CE00B4A07F /* Foundation.framework */ = {isa = PBXFileReference; lastKnownFileType = wrapper.framework; name = Foundation.framework; path = System/Library/Frameworks/Foundation.framework; sourceTree = SDKROOT; };
		3680A2D519DB31CE00B4A07F /* CoreGraphics.framework */ = {isa = PBXFileReference; lastKnownFileType = wrapper.framework; name = CoreGraphics.framework; path = System/Library/Frameworks/CoreGraphics.framework; sourceTree = SDKROOT; };
		3680A2D719DB31CE00B4A07F /* UIKit.framework */ = {isa = PBXFileReference; lastKnownFileType = wrapper.framework; name = UIKit.framework; path = System/Library/Frameworks/UIKit.framework; sourceTree = SDKROOT; };
		3680A2DB19DB31CE00B4A07F /* TestCoreData1-Info.plist */ = {isa = PBXFileReference; lastKnownFileType = text.plist.xml; path = "TestCoreData1-Info.plist"; sourceTree = "<group>"; };
		3680A2DD19DB31CE00B4A07F /* en */ = {isa = PBXFileReference; lastKnownFileType = text.plist.strings; name = en; path = en.lproj/InfoPlist.strings; sourceTree = "<group>"; };
		3680A2DF19DB31CE00B4A07F /* main.m */ = {isa = PBXFileReference; lastKnownFileType = sourcecode.c.objc; path = main.m; sourceTree = "<group>"; };
		3680A2E119DB31CE00B4A07F /* TestCoreData1-Prefix.pch */ = {isa = PBXFileReference; lastKnownFileType = sourcecode.c.h; path = "TestCoreData1-Prefix.pch"; sourceTree = "<group>"; };
		3680A2E219DB31CE00B4A07F /* CDAppDelegate.h */ = {isa = PBXFileReference; lastKnownFileType = sourcecode.c.h; path = CDAppDelegate.h; sourceTree = "<group>"; };
		3680A2E319DB31CE00B4A07F /* CDAppDelegate.m */ = {isa = PBXFileReference; lastKnownFileType = sourcecode.c.objc; path = CDAppDelegate.m; sourceTree = "<group>"; };
		3680A2E819DB31CE00B4A07F /* CDViewController.h */ = {isa = PBXFileReference; lastKnownFileType = sourcecode.c.h; path = CDViewController.h; sourceTree = "<group>"; };
		3680A2E919DB31CE00B4A07F /* CDViewController.m */ = {isa = PBXFileReference; lastKnownFileType = sourcecode.c.objc; path = CDViewController.m; sourceTree = "<group>"; };
		3680A2EB19DB31CE00B4A07F /* Images.xcassets */ = {isa = PBXFileReference; lastKnownFileType = folder.assetcatalog; path = Images.xcassets; sourceTree = "<group>"; };
		3680A2F119DB31CE00B4A07F /* TestCoreData1Tests.xctest */ = {isa = PBXFileReference; explicitFileType = wrapper.cfbundle; includeInIndex = 0; path = TestCoreData1Tests.xctest; sourceTree = BUILT_PRODUCTS_DIR; };
		3680A2F219DB31CE00B4A07F /* XCTest.framework */ = {isa = PBXFileReference; lastKnownFileType = wrapper.framework; name = XCTest.framework; path = Library/Frameworks/XCTest.framework; sourceTree = DEVELOPER_DIR; };
		3680A2FA19DB31CE00B4A07F /* TestCoreData1Tests-Info.plist */ = {isa = PBXFileReference; lastKnownFileType = text.plist.xml; path = "TestCoreData1Tests-Info.plist"; sourceTree = "<group>"; };
		3680A2FC19DB31CE00B4A07F /* en */ = {isa = PBXFileReference; lastKnownFileType = text.plist.strings; name = en; path = en.lproj/InfoPlist.strings; sourceTree = "<group>"; };
		3680A2FE19DB31CE00B4A07F /* TestCoreData1Tests.m */ = {isa = PBXFileReference; lastKnownFileType = sourcecode.c.objc; path = TestCoreData1Tests.m; sourceTree = "<group>"; };
		3680A30819DB329400B4A07F /* CoreData.framework */ = {isa = PBXFileReference; lastKnownFileType = wrapper.framework; name = CoreData.framework; path = System/Library/Frameworks/CoreData.framework; sourceTree = SDKROOT; };
		3680A30B19DB3BCC00B4A07F /* Model.xcdatamodel */ = {isa = PBXFileReference; lastKnownFileType = wrapper.xcdatamodel; path = Model.xcdatamodel; sourceTree = "<group>"; };
		D04F68F519F066310059049B /* OpeningViewController.h */ = {isa = PBXFileReference; fileEncoding = 4; lastKnownFileType = sourcecode.c.h; path = OpeningViewController.h; sourceTree = "<group>"; };
		D04F68F619F066310059049B /* OpeningViewController.m */ = {isa = PBXFileReference; fileEncoding = 4; lastKnownFileType = sourcecode.c.objc; path = OpeningViewController.m; sourceTree = "<group>"; };
/* End PBXFileReference section */

/* Begin PBXFrameworksBuildPhase section */
		3680A2CD19DB31CE00B4A07F /* Frameworks */ = {
			isa = PBXFrameworksBuildPhase;
			buildActionMask = 2147483647;
			files = (
				1A6C97E11A21838A006D5CC2 /* MapKit.framework in Frameworks */,
				1AEFCBD51A0C460100E5FE56 /* SystemConfiguration.framework in Frameworks */,
				1AEFCBCF1A0C45E900E5FE56 /* QuartzCore.framework in Frameworks */,
				1AEFCBCD1A0C45E200E5FE56 /* MobileCoreServices.framework in Frameworks */,
				1AEFCBC91A0C45BC00E5FE56 /* CoreLocation.framework in Frameworks */,
				1AE644BE1A15700D000D0EE7 /* Parse.framework in Frameworks */,
				3680A2D619DB31CE00B4A07F /* CoreGraphics.framework in Frameworks */,
				1AEFCBC71A0C45A800E5FE56 /* CFNetwork.framework in Frameworks */,
				1AEFCBC51A0C45A000E5FE56 /* AudioToolbox.framework in Frameworks */,
				1AEFCBD31A0C45F900E5FE56 /* StoreKit.framework in Frameworks */,
				1AE644C01A15700D000D0EE7 /* ParseUI.framework in Frameworks */,
				1AEFCBD11A0C45F200E5FE56 /* Security.framework in Frameworks */,
				1AEFCBCB1A0C45D900E5FE56 /* libz.dylib in Frameworks */,
				3680A30919DB329400B4A07F /* CoreData.framework in Frameworks */,
				3680A2D819DB31CE00B4A07F /* UIKit.framework in Frameworks */,
				3680A2D419DB31CE00B4A07F /* Foundation.framework in Frameworks */,
				1AE644BF1A15700D000D0EE7 /* ParseFacebookUtils.framework in Frameworks */,
				1AE644BD1A15700D000D0EE7 /* Bolts.framework in Frameworks */,
			);
			runOnlyForDeploymentPostprocessing = 0;
		};
		3680A2EE19DB31CE00B4A07F /* Frameworks */ = {
			isa = PBXFrameworksBuildPhase;
			buildActionMask = 2147483647;
			files = (
				3680A2F319DB31CE00B4A07F /* XCTest.framework in Frameworks */,
				3680A2F519DB31CE00B4A07F /* UIKit.framework in Frameworks */,
				3680A2F419DB31CE00B4A07F /* Foundation.framework in Frameworks */,
			);
			runOnlyForDeploymentPostprocessing = 0;
		};
/* End PBXFrameworksBuildPhase section */

/* Begin PBXGroup section */
		1A6C97DF1A1EC7E8006D5CC2 /* Resources */ = {
			isa = PBXGroup;
			children = (
				1AC146D21A2D115F00F3DB1E /* simpletable_image_pack */,
			);
			name = Resources;
			sourceTree = "<group>";
		};
		1A6C97E21A2184DF006D5CC2 /* Model */ = {
			isa = PBXGroup;
			children = (
				1A6C97E31A218542006D5CC2 /* Annotation.h */,
				1A6C97E41A218542006D5CC2 /* Annotation.m */,
			);
			name = Model;
			sourceTree = "<group>";
		};
		1A6CCD3A1A27F0C300E0869E /* Images */ = {
			isa = PBXGroup;
			children = (
				1AC146D71A2D16CD00F3DB1E /* images-2.jpeg */,
				1AC146D81A2D16CD00F3DB1E /* images-3.jpeg */,
				1AC146D91A2D16CD00F3DB1E /* images-4.jpeg */,
				1AC146DA1A2D16CD00F3DB1E /* images-5.jpeg */,
				1AC146DB1A2D16CD00F3DB1E /* images-6.jpeg */,
				1AC146D31A2D169E00F3DB1E /* Unknown-3.jpeg */,
				1AC146D41A2D169E00F3DB1E /* Unknown-4 */,
			);
			name = Images;
			sourceTree = "<group>";
		};
		1AC146E11A2D16F600F3DB1E /* Common */ = {
			isa = PBXGroup;
			children = (
				1AC146E21A2D16F600F3DB1E /* Common.h */,
				1AC146E31A2D16F600F3DB1E /* Common.m */,
			);
			path = Common;
			sourceTree = "<group>";
		};
		3680A2C719DB31CE00B4A07F = {
			isa = PBXGroup;
			children = (
				3680A2D919DB31CE00B4A07F /* AlphaProject */,
				3680A2F819DB31CE00B4A07F /* AlphaProject */,
				3680A2D219DB31CE00B4A07F /* Frameworks */,
				3680A2D119DB31CE00B4A07F /* Products */,
			);
			sourceTree = "<group>";
		};
		3680A2D119DB31CE00B4A07F /* Products */ = {
			isa = PBXGroup;
			children = (
				3680A2D019DB31CE00B4A07F /* FreeFoodFinder.app */,
				3680A2F119DB31CE00B4A07F /* TestCoreData1Tests.xctest */,
			);
			name = Products;
			sourceTree = "<group>";
		};
		3680A2D219DB31CE00B4A07F /* Frameworks */ = {
			isa = PBXGroup;
			children = (
				1A6C97E01A21838A006D5CC2 /* MapKit.framework */,
				1AE644B91A15700D000D0EE7 /* Bolts.framework */,
				1AE644BA1A15700D000D0EE7 /* Parse.framework */,
				1AE644BB1A15700D000D0EE7 /* ParseFacebookUtils.framework */,
				1AE644BC1A15700D000D0EE7 /* ParseUI.framework */,
				1AEFCBD41A0C460100E5FE56 /* SystemConfiguration.framework */,
				1AEFCBD21A0C45F900E5FE56 /* StoreKit.framework */,
				1AEFCBD01A0C45F200E5FE56 /* Security.framework */,
				1AEFCBCE1A0C45E900E5FE56 /* QuartzCore.framework */,
				1AEFCBCC1A0C45E200E5FE56 /* MobileCoreServices.framework */,
				1AEFCBCA1A0C45D900E5FE56 /* libz.dylib */,
				1AEFCBC81A0C45BC00E5FE56 /* CoreLocation.framework */,
				1AEFCBC61A0C45A800E5FE56 /* CFNetwork.framework */,
				1AEFCBC41A0C45A000E5FE56 /* AudioToolbox.framework */,
				3680A30819DB329400B4A07F /* CoreData.framework */,
				3680A2D319DB31CE00B4A07F /* Foundation.framework */,
				3680A2D519DB31CE00B4A07F /* CoreGraphics.framework */,
				3680A2D719DB31CE00B4A07F /* UIKit.framework */,
				3680A2F219DB31CE00B4A07F /* XCTest.framework */,
			);
			name = Frameworks;
			sourceTree = "<group>";
		};
		3680A2D919DB31CE00B4A07F /* AlphaProject */ = {
			isa = PBXGroup;
			children = (
				1A6C97E21A2184DF006D5CC2 /* Model */,
				1A6C97DF1A1EC7E8006D5CC2 /* Resources */,
				3680A2E219DB31CE00B4A07F /* CDAppDelegate.h */,
				3680A2E319DB31CE00B4A07F /* CDAppDelegate.m */,
				1AAF94EB1A13EEC7009E57C7 /* EventTableViewController.h */,
				1AAF94EC1A13EEC7009E57C7 /* EventTableViewController.m */,
				1AAF94F01A156914009E57C7 /* Main.storyboard */,
				1A6CCD3A1A27F0C300E0869E /* Images */,
				1A6CCD121A22CD1900E0869E /* SimpleTableCell.xib */,
				1A6CCD141A22CECC00E0869E /* SimpleTableCell.h */,
				1A6CCD151A22CECC00E0869E /* SimpleTableCell.m */,
				1AC146E11A2D16F600F3DB1E /* Common */,
				1A6C97DC1A1BFD50006D5CC2 /* NewUserViewController.h */,
				1A6C97DD1A1BFD50006D5CC2 /* NewUserViewController.m */,
				1AC146AC1A2A5B5C00F3DB1E /* ActivityView.h */,
				1AC146AD1A2A5B5C00F3DB1E /* ActivityView.m */,
				1A6C97D91A1BFAB9006D5CC2 /* LogInViewController.h */,
				1A6C97DA1A1BFAB9006D5CC2 /* LogInViewController.m */,
				1A41EA8019F7355D00E3676C /* MapViewController.h */,
				1A41EA8119F7355D00E3676C /* MapViewController.m */,
				1A41EA7D19F72EF200E3676C /* HappeningViewController.h */,
				1A41EA7E19F72EF200E3676C /* HappeningViewController.m */,
				1A6CCD1C1A27C96300E0869E /* CoolButton.h */,
				1A6CCD1D1A27C96300E0869E /* CoolButton.m */,
				D04F68F519F066310059049B /* OpeningViewController.h */,
				D04F68F619F066310059049B /* OpeningViewController.m */,
				1A3C544519E4B59F00295438 /* IndivCDViewController.h */,
				1A3C544619E4B59F00295438 /* IndivCDViewController.m */,
				1A3C543F19E0AAD000295438 /* DataModel.h */,
				1A3C544019E0AAD000295438 /* DataModel.m */,
				1A3C544219E0B12500295438 /* AddViewController.h */,
				1A3C544319E0B12500295438 /* AddViewController.m */,
				3680A2E819DB31CE00B4A07F /* CDViewController.h */,
				3680A2E919DB31CE00B4A07F /* CDViewController.m */,
				3680A30A19DB3BCC00B4A07F /* Model.xcdatamodeld */,
				3680A2EB19DB31CE00B4A07F /* Images.xcassets */,
				3680A2DA19DB31CE00B4A07F /* Supporting Files */,
			);
			name = AlphaProject;
			path = TestCoreData1;
			sourceTree = "<group>";
		};
		3680A2DA19DB31CE00B4A07F /* Supporting Files */ = {
			isa = PBXGroup;
			children = (
				3680A2DB19DB31CE00B4A07F /* TestCoreData1-Info.plist */,
				3680A2DC19DB31CE00B4A07F /* InfoPlist.strings */,
				3680A2DF19DB31CE00B4A07F /* main.m */,
				3680A2E119DB31CE00B4A07F /* TestCoreData1-Prefix.pch */,
			);
			name = "Supporting Files";
			sourceTree = "<group>";
		};
		3680A2F819DB31CE00B4A07F /* AlphaProject */ = {
			isa = PBXGroup;
			children = (
				3680A2FE19DB31CE00B4A07F /* TestCoreData1Tests.m */,
				3680A2F919DB31CE00B4A07F /* Supporting Files */,
			);
			name = AlphaProject;
			path = TestCoreData1Tests;
			sourceTree = "<group>";
		};
		3680A2F919DB31CE00B4A07F /* Supporting Files */ = {
			isa = PBXGroup;
			children = (
				3680A2FA19DB31CE00B4A07F /* TestCoreData1Tests-Info.plist */,
				3680A2FB19DB31CE00B4A07F /* InfoPlist.strings */,
			);
			name = "Supporting Files";
			sourceTree = "<group>";
		};
/* End PBXGroup section */

/* Begin PBXNativeTarget section */
		3680A2CF19DB31CE00B4A07F /* FreeFoodFinder */ = {
			isa = PBXNativeTarget;
			buildConfigurationList = 3680A30219DB31CE00B4A07F /* Build configuration list for PBXNativeTarget "FreeFoodFinder" */;
			buildPhases = (
				3680A2CC19DB31CE00B4A07F /* Sources */,
				3680A2CD19DB31CE00B4A07F /* Frameworks */,
				3680A2CE19DB31CE00B4A07F /* Resources */,
			);
			buildRules = (
			);
			dependencies = (
			);
			name = FreeFoodFinder;
			productName = TestCoreData1;
			productReference = 3680A2D019DB31CE00B4A07F /* FreeFoodFinder.app */;
			productType = "com.apple.product-type.application";
		};
		3680A2F019DB31CE00B4A07F /* TestCoreData1Tests */ = {
			isa = PBXNativeTarget;
			buildConfigurationList = 3680A30519DB31CE00B4A07F /* Build configuration list for PBXNativeTarget "TestCoreData1Tests" */;
			buildPhases = (
				3680A2ED19DB31CE00B4A07F /* Sources */,
				3680A2EE19DB31CE00B4A07F /* Frameworks */,
				3680A2EF19DB31CE00B4A07F /* Resources */,
			);
			buildRules = (
			);
			dependencies = (
				3680A2F719DB31CE00B4A07F /* PBXTargetDependency */,
			);
			name = TestCoreData1Tests;
			productName = TestCoreData1Tests;
			productReference = 3680A2F119DB31CE00B4A07F /* TestCoreData1Tests.xctest */;
			productType = "com.apple.product-type.bundle.unit-test";
		};
/* End PBXNativeTarget section */

/* Begin PBXProject section */
		3680A2C819DB31CE00B4A07F /* Project object */ = {
			isa = PBXProject;
			attributes = {
				CLASSPREFIX = CD;
				LastUpgradeCheck = 0510;
				ORGANIZATIONNAME = "Infinity Software";
				TargetAttributes = {
					3680A2F019DB31CE00B4A07F = {
						TestTargetID = 3680A2CF19DB31CE00B4A07F;
					};
				};
			};
			buildConfigurationList = 3680A2CB19DB31CE00B4A07F /* Build configuration list for PBXProject "FreeFoodFinder" */;
			compatibilityVersion = "Xcode 3.2";
			developmentRegion = English;
			hasScannedForEncodings = 0;
			knownRegions = (
				en,
				Base,
			);
			mainGroup = 3680A2C719DB31CE00B4A07F;
			productRefGroup = 3680A2D119DB31CE00B4A07F /* Products */;
			projectDirPath = "";
			projectRoot = "";
			targets = (
				3680A2CF19DB31CE00B4A07F /* FreeFoodFinder */,
				3680A2F019DB31CE00B4A07F /* TestCoreData1Tests */,
			);
		};
/* End PBXProject section */

/* Begin PBXResourcesBuildPhase section */
		3680A2CE19DB31CE00B4A07F /* Resources */ = {
			isa = PBXResourcesBuildPhase;
			buildActionMask = 2147483647;
			files = (
				1AC146DC1A2D16CD00F3DB1E /* images-2.jpeg in Resources */,
				1AC146DE1A2D16CD00F3DB1E /* images-4.jpeg in Resources */,
				1AAF94F11A156914009E57C7 /* Main.storyboard in Resources */,
				3680A2EC19DB31CE00B4A07F /* Images.xcassets in Resources */,
				1A6CCD131A22CD1900E0869E /* SimpleTableCell.xib in Resources */,
				1AC146D51A2D169E00F3DB1E /* Unknown-3.jpeg in Resources */,
				1AC146D61A2D169E00F3DB1E /* Unknown-4 in Resources */,
				1AC146E01A2D16CD00F3DB1E /* images-6.jpeg in Resources */,
				3680A2DE19DB31CE00B4A07F /* InfoPlist.strings in Resources */,
				1AC146DD1A2D16CD00F3DB1E /* images-3.jpeg in Resources */,
				1AC146DF1A2D16CD00F3DB1E /* images-5.jpeg in Resources */,
			);
			runOnlyForDeploymentPostprocessing = 0;
		};
		3680A2EF19DB31CE00B4A07F /* Resources */ = {
			isa = PBXResourcesBuildPhase;
			buildActionMask = 2147483647;
			files = (
				3680A2FD19DB31CE00B4A07F /* InfoPlist.strings in Resources */,
			);
			runOnlyForDeploymentPostprocessing = 0;
		};
/* End PBXResourcesBuildPhase section */

/* Begin PBXSourcesBuildPhase section */
		3680A2CC19DB31CE00B4A07F /* Sources */ = {
			isa = PBXSourcesBuildPhase;
			buildActionMask = 2147483647;
			files = (
				1A6CCD1E1A27C96300E0869E /* CoolButton.m in Sources */,
				3680A2E019DB31CE00B4A07F /* main.m in Sources */,
				D04F68F719F066310059049B /* OpeningViewController.m in Sources */,
				1A6CCD161A22CECC00E0869E /* SimpleTableCell.m in Sources */,
				1A41EA7F19F72EF200E3676C /* HappeningViewController.m in Sources */,
				1A3C544119E0AAD000295438 /* DataModel.m in Sources */,
				1AC146E41A2D16F600F3DB1E /* Common.m in Sources */,
				1AC146AE1A2A5B5C00F3DB1E /* ActivityView.m in Sources */,
				1A3C544419E0B12500295438 /* AddViewController.m in Sources */,
				3680A2E419DB31CE00B4A07F /* CDAppDelegate.m in Sources */,
				3680A2EA19DB31CE00B4A07F /* CDViewController.m in Sources */,
				1A41EA8219F7355D00E3676C /* MapViewController.m in Sources */,
				1A6C97DB1A1BFABA006D5CC2 /* LogInViewController.m in Sources */,
				3680A30C19DB3BCC00B4A07F /* Model.xcdatamodeld in Sources */,
				1AAF94ED1A13EEC7009E57C7 /* EventTableViewController.m in Sources */,
				1A6C97E51A218542006D5CC2 /* Annotation.m in Sources */,
				1A6C97DE1A1BFD50006D5CC2 /* NewUserViewController.m in Sources */,
				1A3C544719E4B59F00295438 /* IndivCDViewController.m in Sources */,
			);
			runOnlyForDeploymentPostprocessing = 0;
		};
		3680A2ED19DB31CE00B4A07F /* Sources */ = {
			isa = PBXSourcesBuildPhase;
			buildActionMask = 2147483647;
			files = (
				3680A2FF19DB31CE00B4A07F /* TestCoreData1Tests.m in Sources */,
			);
			runOnlyForDeploymentPostprocessing = 0;
		};
/* End PBXSourcesBuildPhase section */

/* Begin PBXTargetDependency section */
		3680A2F719DB31CE00B4A07F /* PBXTargetDependency */ = {
			isa = PBXTargetDependency;
			target = 3680A2CF19DB31CE00B4A07F /* FreeFoodFinder */;
			targetProxy = 3680A2F619DB31CE00B4A07F /* PBXContainerItemProxy */;
		};
/* End PBXTargetDependency section */

/* Begin PBXVariantGroup section */
		3680A2DC19DB31CE00B4A07F /* InfoPlist.strings */ = {
			isa = PBXVariantGroup;
			children = (
				3680A2DD19DB31CE00B4A07F /* en */,
			);
			name = InfoPlist.strings;
			sourceTree = "<group>";
		};
		3680A2FB19DB31CE00B4A07F /* InfoPlist.strings */ = {
			isa = PBXVariantGroup;
			children = (
				3680A2FC19DB31CE00B4A07F /* en */,
			);
			name = InfoPlist.strings;
			sourceTree = "<group>";
		};
/* End PBXVariantGroup section */

/* Begin XCBuildConfiguration section */
		3680A30019DB31CE00B4A07F /* Debug */ = {
			isa = XCBuildConfiguration;
			buildSettings = {
				ALWAYS_SEARCH_USER_PATHS = NO;
				CLANG_CXX_LANGUAGE_STANDARD = "gnu++0x";
				CLANG_CXX_LIBRARY = "libc++";
				CLANG_ENABLE_MODULES = YES;
				CLANG_ENABLE_OBJC_ARC = YES;
				CLANG_WARN_BOOL_CONVERSION = YES;
				CLANG_WARN_CONSTANT_CONVERSION = YES;
				CLANG_WARN_DIRECT_OBJC_ISA_USAGE = YES_ERROR;
				CLANG_WARN_EMPTY_BODY = YES;
				CLANG_WARN_ENUM_CONVERSION = YES;
				CLANG_WARN_INT_CONVERSION = YES;
				CLANG_WARN_OBJC_ROOT_CLASS = YES_ERROR;
				CLANG_WARN__DUPLICATE_METHOD_MATCH = YES;
				"CODE_SIGN_IDENTITY[sdk=iphoneos*]" = "iPhone Developer";
				COPY_PHASE_STRIP = NO;
				GCC_C_LANGUAGE_STANDARD = gnu99;
				GCC_DYNAMIC_NO_PIC = NO;
				GCC_OPTIMIZATION_LEVEL = 0;
				GCC_PREPROCESSOR_DEFINITIONS = (
					"DEBUG=1",
					"$(inherited)",
				);
				GCC_SYMBOLS_PRIVATE_EXTERN = NO;
				GCC_WARN_64_TO_32_BIT_CONVERSION = YES;
				GCC_WARN_ABOUT_RETURN_TYPE = YES_ERROR;
				GCC_WARN_UNDECLARED_SELECTOR = YES;
				GCC_WARN_UNINITIALIZED_AUTOS = YES_AGGRESSIVE;
				GCC_WARN_UNUSED_FUNCTION = YES;
				GCC_WARN_UNUSED_VARIABLE = YES;
				IPHONEOS_DEPLOYMENT_TARGET = 7.1;
				ONLY_ACTIVE_ARCH = YES;
				PROVISIONING_PROFILE = "786f559c-7239-4715-861e-27ace453520c";
				SDKROOT = iphoneos;
			};
			name = Debug;
		};
		3680A30119DB31CE00B4A07F /* Release */ = {
			isa = XCBuildConfiguration;
			buildSettings = {
				ALWAYS_SEARCH_USER_PATHS = NO;
				CLANG_CXX_LANGUAGE_STANDARD = "gnu++0x";
				CLANG_CXX_LIBRARY = "libc++";
				CLANG_ENABLE_MODULES = YES;
				CLANG_ENABLE_OBJC_ARC = YES;
				CLANG_WARN_BOOL_CONVERSION = YES;
				CLANG_WARN_CONSTANT_CONVERSION = YES;
				CLANG_WARN_DIRECT_OBJC_ISA_USAGE = YES_ERROR;
				CLANG_WARN_EMPTY_BODY = YES;
				CLANG_WARN_ENUM_CONVERSION = YES;
				CLANG_WARN_INT_CONVERSION = YES;
				CLANG_WARN_OBJC_ROOT_CLASS = YES_ERROR;
				CLANG_WARN__DUPLICATE_METHOD_MATCH = YES;
				"CODE_SIGN_IDENTITY[sdk=iphoneos*]" = "iPhone Developer";
				COPY_PHASE_STRIP = YES;
				ENABLE_NS_ASSERTIONS = NO;
				GCC_C_LANGUAGE_STANDARD = gnu99;
				GCC_WARN_64_TO_32_BIT_CONVERSION = YES;
				GCC_WARN_ABOUT_RETURN_TYPE = YES_ERROR;
				GCC_WARN_UNDECLARED_SELECTOR = YES;
				GCC_WARN_UNINITIALIZED_AUTOS = YES_AGGRESSIVE;
				GCC_WARN_UNUSED_FUNCTION = YES;
				GCC_WARN_UNUSED_VARIABLE = YES;
				IPHONEOS_DEPLOYMENT_TARGET = 7.1;
				PROVISIONING_PROFILE = "786f559c-7239-4715-861e-27ace453520c";
				SDKROOT = iphoneos;
				VALIDATE_PRODUCT = YES;
			};
			name = Release;
		};
		3680A30319DB31CE00B4A07F /* Debug */ = {
			isa = XCBuildConfiguration;
			buildSettings = {
				ASSETCATALOG_COMPILER_APPICON_NAME = AppIcon;
				ASSETCATALOG_COMPILER_LAUNCHIMAGE_NAME = LaunchImage;
				FRAMEWORK_SEARCH_PATHS = (
					"$(inherited)",
					"/Users/James/Downloads/parse-library-1.5.0",
					"/Users/Downloads/parse-library-1.5.0",
					"/Users/csmetcalf/Downloads/parse-library-1",
					"/Users/csmetcalf/.Trash/parse-library-1-2",
					"$(PROJECT_DIR)/parse-library-1.5.0",
				);
				GCC_PRECOMPILE_PREFIX_HEADER = YES;
				GCC_PREFIX_HEADER = "TestCoreData1/TestCoreData1-Prefix.pch";
				INFOPLIST_FILE = "TestCoreData1/TestCoreData1-Info.plist";
				PRODUCT_NAME = "$(TARGET_NAME)";
				PROVISIONING_PROFILE = "786f559c-7239-4715-861e-27ace453520c";
				WRAPPER_EXTENSION = app;
			};
			name = Debug;
		};
		3680A30419DB31CE00B4A07F /* Release */ = {
			isa = XCBuildConfiguration;
			buildSettings = {
				ASSETCATALOG_COMPILER_APPICON_NAME = AppIcon;
				ASSETCATALOG_COMPILER_LAUNCHIMAGE_NAME = LaunchImage;
				FRAMEWORK_SEARCH_PATHS = (
					"$(inherited)",
					"/Users/James/Downloads/parse-library-1.5.0",
					"/Users/Downloads/parse-library-1.5.0",
					"/Users/csmetcalf/Downloads/parse-library-1",
					"/Users/csmetcalf/.Trash/parse-library-1-2",
					"$(PROJECT_DIR)/parse-library-1.5.0",
				);
				GCC_PRECOMPILE_PREFIX_HEADER = YES;
				GCC_PREFIX_HEADER = "TestCoreData1/TestCoreData1-Prefix.pch";
				INFOPLIST_FILE = "TestCoreData1/TestCoreData1-Info.plist";
				ONLY_ACTIVE_ARCH = YES;
				PRODUCT_NAME = "$(TARGET_NAME)";
				PROVISIONING_PROFILE = "786f559c-7239-4715-861e-27ace453520c";
				WRAPPER_EXTENSION = app;
			};
			name = Release;
		};
		3680A30619DB31CE00B4A07F /* Debug */ = {
			isa = XCBuildConfiguration;
			buildSettings = {
				BUNDLE_LOADER = "$(BUILT_PRODUCTS_DIR)/TestCoreData1.app/TestCoreData1";
				FRAMEWORK_SEARCH_PATHS = (
					"$(SDKROOT)/Developer/Library/Frameworks",
					"$(inherited)",
					"$(DEVELOPER_FRAMEWORKS_DIR)",
				);
				GCC_PRECOMPILE_PREFIX_HEADER = YES;
				GCC_PREFIX_HEADER = "TestCoreData1/TestCoreData1-Prefix.pch";
				GCC_PREPROCESSOR_DEFINITIONS = (
					"DEBUG=1",
					"$(inherited)",
				);
				INFOPLIST_FILE = "TestCoreData1Tests/TestCoreData1Tests-Info.plist";
				PRODUCT_NAME = "$(TARGET_NAME)";
				TEST_HOST = "$(BUNDLE_LOADER)";
				WRAPPER_EXTENSION = xctest;
			};
			name = Debug;
		};
		3680A30719DB31CE00B4A07F /* Release */ = {
			isa = XCBuildConfiguration;
			buildSettings = {
				BUNDLE_LOADER = "$(BUILT_PRODUCTS_DIR)/TestCoreData1.app/TestCoreData1";
				FRAMEWORK_SEARCH_PATHS = (
					"$(SDKROOT)/Developer/Library/Frameworks",
					"$(inherited)",
					"$(DEVELOPER_FRAMEWORKS_DIR)",
				);
				GCC_PRECOMPILE_PREFIX_HEADER = YES;
				GCC_PREFIX_HEADER = "TestCoreData1/TestCoreData1-Prefix.pch";
				INFOPLIST_FILE = "TestCoreData1Tests/TestCoreData1Tests-Info.plist";
				PRODUCT_NAME = "$(TARGET_NAME)";
				TEST_HOST = "$(BUNDLE_LOADER)";
				WRAPPER_EXTENSION = xctest;
			};
			name = Release;
		};
/* End XCBuildConfiguration section */

/* Begin XCConfigurationList section */
		3680A2CB19DB31CE00B4A07F /* Build configuration list for PBXProject "FreeFoodFinder" */ = {
			isa = XCConfigurationList;
			buildConfigurations = (
				3680A30019DB31CE00B4A07F /* Debug */,
				3680A30119DB31CE00B4A07F /* Release */,
			);
			defaultConfigurationIsVisible = 0;
			defaultConfigurationName = Release;
		};
		3680A30219DB31CE00B4A07F /* Build configuration list for PBXNativeTarget "FreeFoodFinder" */ = {
			isa = XCConfigurationList;
			buildConfigurations = (
				3680A30319DB31CE00B4A07F /* Debug */,
				3680A30419DB31CE00B4A07F /* Release */,
			);
			defaultConfigurationIsVisible = 0;
			defaultConfigurationName = Release;
		};
		3680A30519DB31CE00B4A07F /* Build configuration list for PBXNativeTarget "TestCoreData1Tests" */ = {
			isa = XCConfigurationList;
			buildConfigurations = (
				3680A30619DB31CE00B4A07F /* Debug */,
				3680A30719DB31CE00B4A07F /* Release */,
			);
			defaultConfigurationIsVisible = 0;
			defaultConfigurationName = Release;
		};
/* End XCConfigurationList section */

/* Begin XCVersionGroup section */
		3680A30A19DB3BCC00B4A07F /* Model.xcdatamodeld */ = {
			isa = XCVersionGroup;
			children = (
				1A6C97D81A19B1B1006D5CC2 /* Model 2.xcdatamodel */,
				3680A30B19DB3BCC00B4A07F /* Model.xcdatamodel */,
			);
			currentVersion = 3680A30B19DB3BCC00B4A07F /* Model.xcdatamodel */;
			path = Model.xcdatamodeld;
			sourceTree = "<group>";
			versionGroupType = wrapper.xcdatamodel;
		};
/* End XCVersionGroup section */
	};
	rootObject = 3680A2C819DB31CE00B4A07F /* Project object */;
}
